
Microsoft Visual Studio Solution File, Format Version 12.00
# Visual Studio Version 17
VisualStudioVersion = 17.4.33103.184
MinimumVisualStudioVersion = 10.0.40219.1
Project("{9A19103F-16F7-4668-BE54-9A1E7A4F7556}") = "Grosvenor.Portal.Web", "Grosvenor.Portal.Web\Grosvenor.Portal.Web.csproj", "{9195513B-2782-40B6-A075-F70FEF57670C}"
EndProject
Project("{FAE04EC0-301F-11D3-BF4B-00C04F79EFBC}") = "Grosvenor.Portal.Model", "Grosvenor.Portal.Model\Grosvenor.Portal.Model.csproj", "{0FBA1316-004C-42D4-9CD8-85E923A478B6}"
EndProject
Project("{FAE04EC0-301F-11D3-BF4B-00C04F79EFBC}") = "Grosvenor.Portal.Business", "Grosvenor.Portal.Business\Grosvenor.Portal.Business.csproj", "{DC7CCABF-9C7A-4635-8588-2D52B2A963D7}"
EndProject
Project("{FAE04EC0-301F-11D3-BF4B-00C04F79EFBC}") = "Grosvenor.Portal.Data", "Grosvenor.Portal.Data\Grosvenor.Portal.Data.csproj", "{043DF7E9-4276-4B09-A0C9-0997718C431F}"
EndProject
Project("{FAE04EC0-301F-11D3-BF4B-00C04F79EFBC}") = "Grosvenor.Portal.Test", "Grosvenor.Portal.Test\Grosvenor.Portal.Test.csproj", "{86A38A4C-1057-4E00-BF05-6949CFBCE1CE}"
EndProject
Global
	GlobalSection(SolutionConfigurationPlatforms) = preSolution
		Debug|Any CPU = Debug|Any CPU
		Release|Any CPU = Release|Any CPU
	EndGlobalSection
	GlobalSection(ProjectConfigurationPlatforms) = postSolution
		{9195513B-2782-40B6-A075-F70FEF57670C}.Debug|Any CPU.ActiveCfg = Debug|Any CPU
		{9195513B-2782-40B6-A075-F70FEF57670C}.Debug|Any CPU.Build.0 = Debug|Any CPU
		{9195513B-2782-40B6-A075-F70FEF57670C}.Release|Any CPU.ActiveCfg = Release|Any CPU
		{9195513B-2782-40B6-A075-F70FEF57670C}.Release|Any CPU.Build.0 = Release|Any CPU
		{0FBA1316-004C-42D4-9CD8-85E923A478B6}.Debug|Any CPU.ActiveCfg = Debug|Any CPU
		{0FBA1316-004C-42D4-9CD8-85E923A478B6}.Debug|Any CPU.Build.0 = Debug|Any CPU
		{0FBA1316-004C-42D4-9CD8-85E923A478B6}.Release|Any CPU.ActiveCfg = Release|Any CPU
		{0FBA1316-004C-42D4-9CD8-85E923A478B6}.Release|Any CPU.Build.0 = Release|Any CPU
		{DC7CCABF-9C7A-4635-8588-2D52B2A963D7}.Debug|Any CPU.ActiveCfg = Debug|Any CPU
		{DC7CCABF-9C7A-4635-8588-2D52B2A963D7}.Debug|Any CPU.Build.0 = Debug|Any CPU
		{DC7CCABF-9C7A-4635-8588-2D52B2A963D7}.Release|Any CPU.ActiveCfg = Release|Any CPU
		{DC7CCABF-9C7A-4635-8588-2D52B2A963D7}.Release|Any CPU.Build.0 = Release|Any CPU
		{043DF7E9-4276-4B09-A0C9-0997718C431F}.Debug|Any CPU.ActiveCfg = Debug|Any CPU
		{043DF7E9-4276-4B09-A0C9-0997718C431F}.Debug|Any CPU.Build.0 = Debug|Any CPU
		{043DF7E9-4276-4B09-A0C9-0997718C431F}.Release|Any CPU.ActiveCfg = Release|Any CPU
		{043DF7E9-4276-4B09-A0C9-0997718C431F}.Release|Any CPU.Build.0 = Release|Any CPU
		{86A38A4C-1057-4E00-BF05-6949CFBCE1CE}.Debug|Any CPU.ActiveCfg = Debug|Any CPU
		{86A38A4C-1057-4E00-BF05-6949CFBCE1CE}.Debug|Any CPU.Build.0 = Debug|Any CPU
		{86A38A4C-1057-4E00-BF05-6949CFBCE1CE}.Release|Any CPU.ActiveCfg = Release|Any CPU
		{86A38A4C-1057-4E00-BF05-6949CFBCE1CE}.Release|Any CPU.Build.0 = Release|Any CPU
	EndGlobalSection
	GlobalSection(SolutionProperties) = preSolution
		HideSolutionNode = FALSE
	EndGlobalSection
	GlobalSection(ExtensibilityGlobals) = postSolution
		SolutionGuid = {753EB30A-DC2E-44DA-95EE-01CCF0F975AD}
	EndGlobalSection
EndGlobal
